
Microsoft Visual Studio Solution File, Format Version 12.00
# Visual Studio Version 17
VisualStudioVersion = 17.13.35919.96
MinimumVisualStudioVersion = 10.0.40219.1
Project("{FAE04EC0-301F-11D3-BF4B-00C04F79EFBC}") = "PruebaTecnica", "PruebaTecnica\PruebaTecnica.csproj", "{9F5B3FFA-6C52-46D6-803A-CA175DB93EB4}"
EndProject
Global
	GlobalSection(SolutionConfigurationPlatforms) = preSolution
		Debug|Any CPU = Debug|Any CPU
		Release|Any CPU = Release|Any CPU
	EndGlobalSection
	GlobalSection(ProjectConfigurationPlatforms) = postSolution
		{9F5B3FFA-6C52-46D6-803A-CA175DB93EB4}.Debug|Any CPU.ActiveCfg = Debug|Any CPU
		{9F5B3FFA-6C52-46D6-803A-CA175DB93EB4}.Debug|Any CPU.Build.0 = Debug|Any CPU
		{9F5B3FFA-6C52-46D6-803A-CA175DB93EB4}.Release|Any CPU.ActiveCfg = Release|Any CPU
		{9F5B3FFA-6C52-46D6-803A-CA175DB93EB4}.Release|Any CPU.Build.0 = Release|Any CPU
	EndGlobalSection
	GlobalSection(SolutionProperties) = preSolution
		HideSolutionNode = FALSE
	EndGlobalSection
	GlobalSection(ExtensibilityGlobals) = postSolution
		SolutionGuid = {BF614B36-4CC8-44E1-819B-319F06A97E5A}
	EndGlobalSection
EndGlobal
